
Microsoft Visual Studio Solution File, Format Version 12.00
# Visual Studio 15
VisualStudioVersion = 15.0.28307.1082
MinimumVisualStudioVersion = 10.0.40219.1
Project("{FAE04EC0-301F-11D3-BF4B-00C04F79EFBC}") = "HoldingBag", "HoldingBag.csproj", "{22E55D1A-08B6-4DE9-B427-BC6C50BE8E8C}"
EndProject
Global
	GlobalSection(SolutionConfigurationPlatforms) = preSolution
		Debug|Any CPU = Debug|Any CPU
		Release|Any CPU = Release|Any CPU
	EndGlobalSection
	GlobalSection(ProjectConfigurationPlatforms) = postSolution
		{22E55D1A-08B6-4DE9-B427-BC6C50BE8E8C}.Debug|Any CPU.ActiveCfg = Debug|Any CPU
		{22E55D1A-08B6-4DE9-B427-BC6C50BE8E8C}.Debug|Any CPU.Build.0 = Debug|Any CPU
		{22E55D1A-08B6-4DE9-B427-BC6C50BE8E8C}.Release|Any CPU.ActiveCfg = Release|Any CPU
		{22E55D1A-08B6-4DE9-B427-BC6C50BE8E8C}.Release|Any CPU.Build.0 = Release|Any CPU
	EndGlobalSection
	GlobalSection(SolutionProperties) = preSolution
		HideSolutionNode = FALSE
	EndGlobalSection
	GlobalSection(ExtensibilityGlobals) = postSolution
		SolutionGuid = {ACFDEAA1-BED0-4A27-A008-2693FB487DF1}
	EndGlobalSection
EndGlobal
